// !$*UTF8*$!
{
	archiveVersion = 1;
	classes = {
	};
	objectVersion = 55;
	objects = {

/* Begin PBXBuildFile section */
		278513BB281FC555004924D0 /* AppDelegate.swift in Sources */ = {isa = PBXBuildFile; fileRef = 278513BA281FC555004924D0 /* AppDelegate.swift */; };
		278513BD281FC555004924D0 /* SceneDelegate.swift in Sources */ = {isa = PBXBuildFile; fileRef = 278513BC281FC555004924D0 /* SceneDelegate.swift */; };
		278513BF281FC555004924D0 /* ViewController.swift in Sources */ = {isa = PBXBuildFile; fileRef = 278513BE281FC555004924D0 /* ViewController.swift */; };
		278513C2281FC555004924D0 /* Main.storyboard in Resources */ = {isa = PBXBuildFile; fileRef = 278513C0281FC555004924D0 /* Main.storyboard */; };
		278513C4281FC557004924D0 /* Assets.xcassets in Resources */ = {isa = PBXBuildFile; fileRef = 278513C3281FC557004924D0 /* Assets.xcassets */; };
		278513C7281FC557004924D0 /* LaunchScreen.storyboard in Resources */ = {isa = PBXBuildFile; fileRef = 278513C5281FC557004924D0 /* LaunchScreen.storyboard */; };
		278513D8282031ED004924D0 /* RulesViewControllerPrevious.swift in Sources */ = {isa = PBXBuildFile; fileRef = 278513D7282031ED004924D0 /* RulesViewControllerPrevious.swift */; };
		278513DA28203226004924D0 /* ChoiceViewController.swift in Sources */ = {isa = PBXBuildFile; fileRef = 278513D928203226004924D0 /* ChoiceViewController.swift */; };
		278513DC28203250004924D0 /* GameViewController.swift in Sources */ = {isa = PBXBuildFile; fileRef = 278513DB28203250004924D0 /* GameViewController.swift */; };
		D9045F302825AFA5001A8A16 /* russian_words_nouns.csv in Resources */ = {isa = PBXBuildFile; fileRef = D906AD492825A68100DFC524 /* russian_words_nouns.csv */; };
		D9045F322825B234001A8A16 /* sport_words_nouns.csv in Resources */ = {isa = PBXBuildFile; fileRef = D9045F312825B233001A8A16 /* sport_words_nouns.csv */; };
		D9045F342825B36E001A8A16 /* random_words_nouns.csv in Resources */ = {isa = PBXBuildFile; fileRef = D9045F332825B36E001A8A16 /* random_words_nouns.csv */; };
		D9070E3528268A0300825BBB /* SoundBrain.swift in Sources */ = {isa = PBXBuildFile; fileRef = D9070E3428268A0300825BBB /* SoundBrain.swift */; };
		D9070E392826909200825BBB /* rightSound.mp3 in Resources */ = {isa = PBXBuildFile; fileRef = D9070E372826909200825BBB /* rightSound.mp3 */; };
		D9070E3A2826909200825BBB /* skipWordSound.mp3 in Resources */ = {isa = PBXBuildFile; fileRef = D9070E382826909200825BBB /* skipWordSound.mp3 */; };
		D9B52F562826EAEC00A4296B /* RandomAction.swift in Sources */ = {isa = PBXBuildFile; fileRef = D9B52F552826EAEC00A4296B /* RandomAction.swift */; };
		DA6889C8282456A6005C89D9 /* GradientBorderButton.swift in Sources */ = {isa = PBXBuildFile; fileRef = DA6889C7282456A6005C89D9 /* GradientBorderButton.swift */; };
		DA6889CA282456BB005C89D9 /* UIImage+.swift in Sources */ = {isa = PBXBuildFile; fileRef = DA6889C9282456BA005C89D9 /* UIImage+.swift */; };
		DA6889CC282456C3005C89D9 /* UIView+Border.swift in Sources */ = {isa = PBXBuildFile; fileRef = DA6889CB282456C3005C89D9 /* UIView+Border.swift */; };
		DA9B39FE2823CD01009BA30A /* WordStore.swift in Sources */ = {isa = PBXBuildFile; fileRef = DA9B39FD2823CD01009BA30A /* WordStore.swift */; };
		DA9B3A022823CD18009BA30A /* english_words_nouns.csv in Resources */ = {isa = PBXBuildFile; fileRef = DA9B3A002823CD18009BA30A /* english_words_nouns.csv */; };
		DAA6FCD7282A76700085949A /* Rules.swift in Sources */ = {isa = PBXBuildFile; fileRef = DAA6FCD6282A76700085949A /* Rules.swift */; };
		DAA6FCDE282A7A7E0085949A /* RulesViewController.swift in Sources */ = {isa = PBXBuildFile; fileRef = DAA6FCD9282A7A7E0085949A /* RulesViewController.swift */; };
		DAA6FCDF282A7A7E0085949A /* InfoCell.swift in Sources */ = {isa = PBXBuildFile; fileRef = DAA6FCDB282A7A7E0085949A /* InfoCell.swift */; };
		DAA6FCE0282A7A7E0085949A /* InfoHeader.swift in Sources */ = {isa = PBXBuildFile; fileRef = DAA6FCDD282A7A7E0085949A /* InfoHeader.swift */; };
		DAB8B363282294A500ABA6D0 /* JokeEndpoint.swift in Sources */ = {isa = PBXBuildFile; fileRef = DAB8B35D282294A500ABA6D0 /* JokeEndpoint.swift */; };
		DAB8B364282294A500ABA6D0 /* Joke.swift in Sources */ = {isa = PBXBuildFile; fileRef = DAB8B35E282294A500ABA6D0 /* Joke.swift */; };
		DAB8B365282294A500ABA6D0 /* JokeStore.swift in Sources */ = {isa = PBXBuildFile; fileRef = DAB8B35F282294A500ABA6D0 /* JokeStore.swift */; };
		DAB8B366282294A500ABA6D0 /* NetworkManager.swift in Sources */ = {isa = PBXBuildFile; fileRef = DAB8B361282294A500ABA6D0 /* NetworkManager.swift */; };
		DAB8B367282294A500ABA6D0 /* Endpoint.swift in Sources */ = {isa = PBXBuildFile; fileRef = DAB8B362282294A500ABA6D0 /* Endpoint.swift */; };
/* End PBXBuildFile section */

/* Begin PBXFileReference section */
		278513B7281FC555004924D0 /* Alias.app */ = {isa = PBXFileReference; explicitFileType = wrapper.application; includeInIndex = 0; path = Alias.app; sourceTree = BUILT_PRODUCTS_DIR; };
		278513BA281FC555004924D0 /* AppDelegate.swift */ = {isa = PBXFileReference; lastKnownFileType = sourcecode.swift; path = AppDelegate.swift; sourceTree = "<group>"; };
		278513BC281FC555004924D0 /* SceneDelegate.swift */ = {isa = PBXFileReference; lastKnownFileType = sourcecode.swift; path = SceneDelegate.swift; sourceTree = "<group>"; };
		278513BE281FC555004924D0 /* ViewController.swift */ = {isa = PBXFileReference; lastKnownFileType = sourcecode.swift; path = ViewController.swift; sourceTree = "<group>"; };
		278513C1281FC555004924D0 /* Base */ = {isa = PBXFileReference; lastKnownFileType = file.storyboard; name = Base; path = Base.lproj/Main.storyboard; sourceTree = "<group>"; };
		278513C3281FC557004924D0 /* Assets.xcassets */ = {isa = PBXFileReference; lastKnownFileType = folder.assetcatalog; path = Assets.xcassets; sourceTree = "<group>"; };
		278513C6281FC557004924D0 /* Base */ = {isa = PBXFileReference; lastKnownFileType = file.storyboard; name = Base; path = Base.lproj/LaunchScreen.storyboard; sourceTree = "<group>"; };
		278513C8281FC557004924D0 /* Info.plist */ = {isa = PBXFileReference; lastKnownFileType = text.plist.xml; path = Info.plist; sourceTree = "<group>"; };
		278513D7282031ED004924D0 /* RulesViewControllerPrevious.swift */ = {isa = PBXFileReference; lastKnownFileType = sourcecode.swift; path = RulesViewControllerPrevious.swift; sourceTree = "<group>"; };
		278513D928203226004924D0 /* ChoiceViewController.swift */ = {isa = PBXFileReference; lastKnownFileType = sourcecode.swift; path = ChoiceViewController.swift; sourceTree = "<group>"; };
		278513DB28203250004924D0 /* GameViewController.swift */ = {isa = PBXFileReference; lastKnownFileType = sourcecode.swift; path = GameViewController.swift; sourceTree = "<group>"; };
		D9045F312825B233001A8A16 /* sport_words_nouns.csv */ = {isa = PBXFileReference; fileEncoding = 4; lastKnownFileType = text; path = sport_words_nouns.csv; sourceTree = "<group>"; };
		D9045F332825B36E001A8A16 /* random_words_nouns.csv */ = {isa = PBXFileReference; fileEncoding = 4; lastKnownFileType = text; path = random_words_nouns.csv; sourceTree = "<group>"; };
		D906AD492825A68100DFC524 /* russian_words_nouns.csv */ = {isa = PBXFileReference; fileEncoding = 4; lastKnownFileType = text; path = russian_words_nouns.csv; sourceTree = "<group>"; };
		D9070E3428268A0300825BBB /* SoundBrain.swift */ = {isa = PBXFileReference; lastKnownFileType = sourcecode.swift; path = SoundBrain.swift; sourceTree = "<group>"; };
		D9070E372826909200825BBB /* rightSound.mp3 */ = {isa = PBXFileReference; lastKnownFileType = audio.mp3; path = rightSound.mp3; sourceTree = "<group>"; };
		D9070E382826909200825BBB /* skipWordSound.mp3 */ = {isa = PBXFileReference; lastKnownFileType = audio.mp3; path = skipWordSound.mp3; sourceTree = "<group>"; };
		D9B52F552826EAEC00A4296B /* RandomAction.swift */ = {isa = PBXFileReference; lastKnownFileType = sourcecode.swift; path = RandomAction.swift; sourceTree = "<group>"; };
		DA6889C7282456A6005C89D9 /* GradientBorderButton.swift */ = {isa = PBXFileReference; fileEncoding = 4; lastKnownFileType = sourcecode.swift; path = GradientBorderButton.swift; sourceTree = "<group>"; };
		DA6889C9282456BA005C89D9 /* UIImage+.swift */ = {isa = PBXFileReference; fileEncoding = 4; lastKnownFileType = sourcecode.swift; path = "UIImage+.swift"; sourceTree = "<group>"; };
		DA6889CB282456C3005C89D9 /* UIView+Border.swift */ = {isa = PBXFileReference; fileEncoding = 4; lastKnownFileType = sourcecode.swift; path = "UIView+Border.swift"; sourceTree = "<group>"; };
		DA9B39FD2823CD01009BA30A /* WordStore.swift */ = {isa = PBXFileReference; fileEncoding = 4; lastKnownFileType = sourcecode.swift; path = WordStore.swift; sourceTree = "<group>"; };
		DA9B3A002823CD18009BA30A /* english_words_nouns.csv */ = {isa = PBXFileReference; fileEncoding = 4; lastKnownFileType = text; path = english_words_nouns.csv; sourceTree = "<group>"; };
		DAA6FCD6282A76700085949A /* Rules.swift */ = {isa = PBXFileReference; lastKnownFileType = sourcecode.swift; path = Rules.swift; sourceTree = "<group>"; };
		DAA6FCD9282A7A7E0085949A /* RulesViewController.swift */ = {isa = PBXFileReference; fileEncoding = 4; lastKnownFileType = sourcecode.swift; path = RulesViewController.swift; sourceTree = "<group>"; };
		DAA6FCDB282A7A7E0085949A /* InfoCell.swift */ = {isa = PBXFileReference; fileEncoding = 4; lastKnownFileType = sourcecode.swift; path = InfoCell.swift; sourceTree = "<group>"; };
		DAA6FCDD282A7A7E0085949A /* InfoHeader.swift */ = {isa = PBXFileReference; fileEncoding = 4; lastKnownFileType = sourcecode.swift; path = InfoHeader.swift; sourceTree = "<group>"; };
		DAB8B35D282294A500ABA6D0 /* JokeEndpoint.swift */ = {isa = PBXFileReference; fileEncoding = 4; lastKnownFileType = sourcecode.swift; path = JokeEndpoint.swift; sourceTree = "<group>"; };
		DAB8B35E282294A500ABA6D0 /* Joke.swift */ = {isa = PBXFileReference; fileEncoding = 4; lastKnownFileType = sourcecode.swift; path = Joke.swift; sourceTree = "<group>"; };
		DAB8B35F282294A500ABA6D0 /* JokeStore.swift */ = {isa = PBXFileReference; fileEncoding = 4; lastKnownFileType = sourcecode.swift; path = JokeStore.swift; sourceTree = "<group>"; };
		DAB8B361282294A500ABA6D0 /* NetworkManager.swift */ = {isa = PBXFileReference; fileEncoding = 4; lastKnownFileType = sourcecode.swift; path = NetworkManager.swift; sourceTree = "<group>"; };
		DAB8B362282294A500ABA6D0 /* Endpoint.swift */ = {isa = PBXFileReference; fileEncoding = 4; lastKnownFileType = sourcecode.swift; path = Endpoint.swift; sourceTree = "<group>"; };
/* End PBXFileReference section */

/* Begin PBXFrameworksBuildPhase section */
		278513B4281FC555004924D0 /* Frameworks */ = {
			isa = PBXFrameworksBuildPhase;
			buildActionMask = 2147483647;
			files = (
			);
			runOnlyForDeploymentPostprocessing = 0;
		};
/* End PBXFrameworksBuildPhase section */

/* Begin PBXGroup section */
		278513AE281FC555004924D0 = {
			isa = PBXGroup;
			children = (
				278513B9281FC555004924D0 /* Alias */,
				278513B8281FC555004924D0 /* Products */,
			);
			sourceTree = "<group>";
		};
		278513B8281FC555004924D0 /* Products */ = {
			isa = PBXGroup;
			children = (
				278513B7281FC555004924D0 /* Alias.app */,
			);
			name = Products;
			sourceTree = "<group>";
		};
		278513B9281FC555004924D0 /* Alias */ = {
			isa = PBXGroup;
			children = (
				D9070E3628268A0F00825BBB /* Model */,
				278513CF281FDA4D004924D0 /* View */,
				278513D0281FDA56004924D0 /* Controller */,
				DAB8B35C282294A500ABA6D0 /* JokeService */,
				DAB8B360282294A500ABA6D0 /* Networking */,
				DA9B39FC2823CD01009BA30A /* WordService */,
				DA6889CD282456C9005C89D9 /* Auxiliary */,
				DA9B39FF2823CD18009BA30A /* Media */,
				278513BA281FC555004924D0 /* AppDelegate.swift */,
				278513BC281FC555004924D0 /* SceneDelegate.swift */,
				278513C8281FC557004924D0 /* Info.plist */,
			);
			path = Alias;
			sourceTree = "<group>";
		};
		278513CF281FDA4D004924D0 /* View */ = {
			isa = PBXGroup;
			children = (
				278513C0281FC555004924D0 /* Main.storyboard */,
				278513C5281FC557004924D0 /* LaunchScreen.storyboard */,
				DA6889C7282456A6005C89D9 /* GradientBorderButton.swift */,
			);
			path = View;
			sourceTree = "<group>";
		};
		278513D0281FDA56004924D0 /* Controller */ = {
			isa = PBXGroup;
			children = (
				278513BE281FC555004924D0 /* ViewController.swift */,
				278513D7282031ED004924D0 /* RulesViewControllerPrevious.swift */,
				DAA6FCD8282A7A7E0085949A /* RulesViewController */,
				278513D928203226004924D0 /* ChoiceViewController.swift */,
				278513DB28203250004924D0 /* GameViewController.swift */,
			);
			name = Controller;
			path = View/Controller;
			sourceTree = "<group>";
		};
		D9070E3628268A0F00825BBB /* Model */ = {
			isa = PBXGroup;
			children = (
				D9070E3428268A0300825BBB /* SoundBrain.swift */,
				DAA6FCD6282A76700085949A /* Rules.swift */,
				D9B52F552826EAEC00A4296B /* RandomAction.swift */,
			);
			path = Model;
			sourceTree = "<group>";
		};
		DA6889CD282456C9005C89D9 /* Auxiliary */ = {
			isa = PBXGroup;
			children = (
				DA6889C9282456BA005C89D9 /* UIImage+.swift */,
				DA6889CB282456C3005C89D9 /* UIView+Border.swift */,
			);
			path = Auxiliary;
			sourceTree = "<group>";
		};
		DA9B39FC2823CD01009BA30A /* WordService */ = {
			isa = PBXGroup;
			children = (
				DA9B39FD2823CD01009BA30A /* WordStore.swift */,
			);
			path = WordService;
			sourceTree = "<group>";
		};
		DA9B39FF2823CD18009BA30A /* Media */ = {
			isa = PBXGroup;
			children = (
				278513C3281FC557004924D0 /* Assets.xcassets */,
				DA9B3A002823CD18009BA30A /* english_words_nouns.csv */,
				D9045F332825B36E001A8A16 /* random_words_nouns.csv */,
				D906AD492825A68100DFC524 /* russian_words_nouns.csv */,
				D9045F312825B233001A8A16 /* sport_words_nouns.csv */,
				D9070E372826909200825BBB /* rightSound.mp3 */,
				D9070E382826909200825BBB /* skipWordSound.mp3 */,
			);
			path = Media;
			sourceTree = "<group>";
		};
		DAA6FCD8282A7A7E0085949A /* RulesViewController */ = {
			isa = PBXGroup;
			children = (
				DAA6FCD9282A7A7E0085949A /* RulesViewController.swift */,
				DAA6FCDA282A7A7E0085949A /* Cell */,
				DAA6FCDC282A7A7E0085949A /* Header */,
			);
			path = RulesViewController;
			sourceTree = "<group>";
		};
		DAA6FCDA282A7A7E0085949A /* Cell */ = {
			isa = PBXGroup;
			children = (
				DAA6FCDB282A7A7E0085949A /* InfoCell.swift */,
			);
			path = Cell;
			sourceTree = "<group>";
		};
		DAA6FCDC282A7A7E0085949A /* Header */ = {
			isa = PBXGroup;
			children = (
				DAA6FCDD282A7A7E0085949A /* InfoHeader.swift */,
			);
			path = Header;
			sourceTree = "<group>";
		};
		DAB8B35C282294A500ABA6D0 /* JokeService */ = {
			isa = PBXGroup;
			children = (
				DAB8B35D282294A500ABA6D0 /* JokeEndpoint.swift */,
				DAB8B35E282294A500ABA6D0 /* Joke.swift */,
				DAB8B35F282294A500ABA6D0 /* JokeStore.swift */,
			);
			path = JokeService;
			sourceTree = "<group>";
		};
		DAB8B360282294A500ABA6D0 /* Networking */ = {
			isa = PBXGroup;
			children = (
				DAB8B361282294A500ABA6D0 /* NetworkManager.swift */,
				DAB8B362282294A500ABA6D0 /* Endpoint.swift */,
			);
			path = Networking;
			sourceTree = "<group>";
		};
/* End PBXGroup section */

/* Begin PBXNativeTarget section */
		278513B6281FC555004924D0 /* Alias */ = {
			isa = PBXNativeTarget;
			buildConfigurationList = 278513CB281FC557004924D0 /* Build configuration list for PBXNativeTarget "Alias" */;
			buildPhases = (
				278513B3281FC555004924D0 /* Sources */,
				278513B4281FC555004924D0 /* Frameworks */,
				278513B5281FC555004924D0 /* Resources */,
			);
			buildRules = (
			);
			dependencies = (
			);
			name = Alias;
			productName = Alias;
			productReference = 278513B7281FC555004924D0 /* Alias.app */;
			productType = "com.apple.product-type.application";
		};
/* End PBXNativeTarget section */

/* Begin PBXProject section */
		278513AF281FC555004924D0 /* Project object */ = {
			isa = PBXProject;
			attributes = {
				BuildIndependentTargetsInParallel = 1;
				LastSwiftUpdateCheck = 1330;
				LastUpgradeCheck = 1330;
				TargetAttributes = {
					278513B6281FC555004924D0 = {
						CreatedOnToolsVersion = 13.3;
					};
				};
			};
			buildConfigurationList = 278513B2281FC555004924D0 /* Build configuration list for PBXProject "Alias" */;
			compatibilityVersion = "Xcode 13.0";
			developmentRegion = en;
			hasScannedForEncodings = 0;
			knownRegions = (
				en,
				Base,
			);
			mainGroup = 278513AE281FC555004924D0;
			productRefGroup = 278513B8281FC555004924D0 /* Products */;
			projectDirPath = "";
			projectRoot = "";
			targets = (
				278513B6281FC555004924D0 /* Alias */,
			);
		};
/* End PBXProject section */

/* Begin PBXResourcesBuildPhase section */
		278513B5281FC555004924D0 /* Resources */ = {
			isa = PBXResourcesBuildPhase;
			buildActionMask = 2147483647;
			files = (
				D9070E3A2826909200825BBB /* skipWordSound.mp3 in Resources */,
				278513C7281FC557004924D0 /* LaunchScreen.storyboard in Resources */,
				D9045F322825B234001A8A16 /* sport_words_nouns.csv in Resources */,
				278513C4281FC557004924D0 /* Assets.xcassets in Resources */,
				D9070E392826909200825BBB /* rightSound.mp3 in Resources */,
				278513C2281FC555004924D0 /* Main.storyboard in Resources */,
				DA9B3A022823CD18009BA30A /* english_words_nouns.csv in Resources */,
				D9045F302825AFA5001A8A16 /* russian_words_nouns.csv in Resources */,
				D9045F342825B36E001A8A16 /* random_words_nouns.csv in Resources */,
			);
			runOnlyForDeploymentPostprocessing = 0;
		};
/* End PBXResourcesBuildPhase section */

/* Begin PBXSourcesBuildPhase section */
		278513B3281FC555004924D0 /* Sources */ = {
			isa = PBXSourcesBuildPhase;
			buildActionMask = 2147483647;
			files = (
				D9070E3528268A0300825BBB /* SoundBrain.swift in Sources */,
				DA6889CC282456C3005C89D9 /* UIView+Border.swift in Sources */,
				DAB8B365282294A500ABA6D0 /* JokeStore.swift in Sources */,
				278513BF281FC555004924D0 /* ViewController.swift in Sources */,
				278513BB281FC555004924D0 /* AppDelegate.swift in Sources */,
				DAB8B366282294A500ABA6D0 /* NetworkManager.swift in Sources */,
				DA6889C8282456A6005C89D9 /* GradientBorderButton.swift in Sources */,
				278513DA28203226004924D0 /* ChoiceViewController.swift in Sources */,
				DA9B39FE2823CD01009BA30A /* WordStore.swift in Sources */,
				DAA6FCDF282A7A7E0085949A /* InfoCell.swift in Sources */,
				278513D8282031ED004924D0 /* RulesViewControllerPrevious.swift in Sources */,
				DAB8B364282294A500ABA6D0 /* Joke.swift in Sources */,
				DAA6FCD7282A76700085949A /* Rules.swift in Sources */,
				278513DC28203250004924D0 /* GameViewController.swift in Sources */,
				278513BD281FC555004924D0 /* SceneDelegate.swift in Sources */,
				DAA6FCE0282A7A7E0085949A /* InfoHeader.swift in Sources */,
				DAA6FCDE282A7A7E0085949A /* RulesViewController.swift in Sources */,
				D9B52F562826EAEC00A4296B /* RandomAction.swift in Sources */,
				DA6889CA282456BB005C89D9 /* UIImage+.swift in Sources */,
				DAB8B367282294A500ABA6D0 /* Endpoint.swift in Sources */,
				DAB8B363282294A500ABA6D0 /* JokeEndpoint.swift in Sources */,
			);
			runOnlyForDeploymentPostprocessing = 0;
		};
/* End PBXSourcesBuildPhase section */

/* Begin PBXVariantGroup section */
		278513C0281FC555004924D0 /* Main.storyboard */ = {
			isa = PBXVariantGroup;
			children = (
				278513C1281FC555004924D0 /* Base */,
			);
			name = Main.storyboard;
			sourceTree = "<group>";
		};
		278513C5281FC557004924D0 /* LaunchScreen.storyboard */ = {
			isa = PBXVariantGroup;
			children = (
				278513C6281FC557004924D0 /* Base */,
			);
			name = LaunchScreen.storyboard;
			sourceTree = "<group>";
		};
/* End PBXVariantGroup section */

/* Begin XCBuildConfiguration section */
		278513C9281FC557004924D0 /* Debug */ = {
			isa = XCBuildConfiguration;
			buildSettings = {
				ALWAYS_SEARCH_USER_PATHS = NO;
				CLANG_ANALYZER_NONNULL = YES;
				CLANG_ANALYZER_NUMBER_OBJECT_CONVERSION = YES_AGGRESSIVE;
				CLANG_CXX_LANGUAGE_STANDARD = "gnu++17";
				CLANG_ENABLE_MODULES = YES;
				CLANG_ENABLE_OBJC_ARC = YES;
				CLANG_ENABLE_OBJC_WEAK = YES;
				CLANG_WARN_BLOCK_CAPTURE_AUTORELEASING = YES;
				CLANG_WARN_BOOL_CONVERSION = YES;
				CLANG_WARN_COMMA = YES;
				CLANG_WARN_CONSTANT_CONVERSION = YES;
				CLANG_WARN_DEPRECATED_OBJC_IMPLEMENTATIONS = YES;
				CLANG_WARN_DIRECT_OBJC_ISA_USAGE = YES_ERROR;
				CLANG_WARN_DOCUMENTATION_COMMENTS = YES;
				CLANG_WARN_EMPTY_BODY = YES;
				CLANG_WARN_ENUM_CONVERSION = YES;
				CLANG_WARN_INFINITE_RECURSION = YES;
				CLANG_WARN_INT_CONVERSION = YES;
				CLANG_WARN_NON_LITERAL_NULL_CONVERSION = YES;
				CLANG_WARN_OBJC_IMPLICIT_RETAIN_SELF = YES;
				CLANG_WARN_OBJC_LITERAL_CONVERSION = YES;
				CLANG_WARN_OBJC_ROOT_CLASS = YES_ERROR;
				CLANG_WARN_QUOTED_INCLUDE_IN_FRAMEWORK_HEADER = YES;
				CLANG_WARN_RANGE_LOOP_ANALYSIS = YES;
				CLANG_WARN_STRICT_PROTOTYPES = YES;
				CLANG_WARN_SUSPICIOUS_MOVE = YES;
				CLANG_WARN_UNGUARDED_AVAILABILITY = YES_AGGRESSIVE;
				CLANG_WARN_UNREACHABLE_CODE = YES;
				CLANG_WARN__DUPLICATE_METHOD_MATCH = YES;
				COPY_PHASE_STRIP = NO;
				DEBUG_INFORMATION_FORMAT = dwarf;
				ENABLE_STRICT_OBJC_MSGSEND = YES;
				ENABLE_TESTABILITY = YES;
				GCC_C_LANGUAGE_STANDARD = gnu11;
				GCC_DYNAMIC_NO_PIC = NO;
				GCC_NO_COMMON_BLOCKS = YES;
				GCC_OPTIMIZATION_LEVEL = 0;
				GCC_PREPROCESSOR_DEFINITIONS = (
					"DEBUG=1",
					"$(inherited)",
				);
				GCC_WARN_64_TO_32_BIT_CONVERSION = YES;
				GCC_WARN_ABOUT_RETURN_TYPE = YES_ERROR;
				GCC_WARN_UNDECLARED_SELECTOR = YES;
				GCC_WARN_UNINITIALIZED_AUTOS = YES_AGGRESSIVE;
				GCC_WARN_UNUSED_FUNCTION = YES;
				GCC_WARN_UNUSED_VARIABLE = YES;
				IPHONEOS_DEPLOYMENT_TARGET = 15.4;
				MTL_ENABLE_DEBUG_INFO = INCLUDE_SOURCE;
				MTL_FAST_MATH = YES;
				ONLY_ACTIVE_ARCH = YES;
				SDKROOT = iphoneos;
				SWIFT_ACTIVE_COMPILATION_CONDITIONS = DEBUG;
				SWIFT_OPTIMIZATION_LEVEL = "-Onone";
			};
			name = Debug;
		};
		278513CA281FC557004924D0 /* Release */ = {
			isa = XCBuildConfiguration;
			buildSettings = {
				ALWAYS_SEARCH_USER_PATHS = NO;
				CLANG_ANALYZER_NONNULL = YES;
				CLANG_ANALYZER_NUMBER_OBJECT_CONVERSION = YES_AGGRESSIVE;
				CLANG_CXX_LANGUAGE_STANDARD = "gnu++17";
				CLANG_ENABLE_MODULES = YES;
				CLANG_ENABLE_OBJC_ARC = YES;
				CLANG_ENABLE_OBJC_WEAK = YES;
				CLANG_WARN_BLOCK_CAPTURE_AUTORELEASING = YES;
				CLANG_WARN_BOOL_CONVERSION = YES;
				CLANG_WARN_COMMA = YES;
				CLANG_WARN_CONSTANT_CONVERSION = YES;
				CLANG_WARN_DEPRECATED_OBJC_IMPLEMENTATIONS = YES;
				CLANG_WARN_DIRECT_OBJC_ISA_USAGE = YES_ERROR;
				CLANG_WARN_DOCUMENTATION_COMMENTS = YES;
				CLANG_WARN_EMPTY_BODY = YES;
				CLANG_WARN_ENUM_CONVERSION = YES;
				CLANG_WARN_INFINITE_RECURSION = YES;
				CLANG_WARN_INT_CONVERSION = YES;
				CLANG_WARN_NON_LITERAL_NULL_CONVERSION = YES;
				CLANG_WARN_OBJC_IMPLICIT_RETAIN_SELF = YES;
				CLANG_WARN_OBJC_LITERAL_CONVERSION = YES;
				CLANG_WARN_OBJC_ROOT_CLASS = YES_ERROR;
				CLANG_WARN_QUOTED_INCLUDE_IN_FRAMEWORK_HEADER = YES;
				CLANG_WARN_RANGE_LOOP_ANALYSIS = YES;
				CLANG_WARN_STRICT_PROTOTYPES = YES;
				CLANG_WARN_SUSPICIOUS_MOVE = YES;
				CLANG_WARN_UNGUARDED_AVAILABILITY = YES_AGGRESSIVE;
				CLANG_WARN_UNREACHABLE_CODE = YES;
				CLANG_WARN__DUPLICATE_METHOD_MATCH = YES;
				COPY_PHASE_STRIP = NO;
				DEBUG_INFORMATION_FORMAT = "dwarf-with-dsym";
				ENABLE_NS_ASSERTIONS = NO;
				ENABLE_STRICT_OBJC_MSGSEND = YES;
				GCC_C_LANGUAGE_STANDARD = gnu11;
				GCC_NO_COMMON_BLOCKS = YES;
				GCC_WARN_64_TO_32_BIT_CONVERSION = YES;
				GCC_WARN_ABOUT_RETURN_TYPE = YES_ERROR;
				GCC_WARN_UNDECLARED_SELECTOR = YES;
				GCC_WARN_UNINITIALIZED_AUTOS = YES_AGGRESSIVE;
				GCC_WARN_UNUSED_FUNCTION = YES;
				GCC_WARN_UNUSED_VARIABLE = YES;
				IPHONEOS_DEPLOYMENT_TARGET = 15.4;
				MTL_ENABLE_DEBUG_INFO = NO;
				MTL_FAST_MATH = YES;
				SDKROOT = iphoneos;
				SWIFT_COMPILATION_MODE = wholemodule;
				SWIFT_OPTIMIZATION_LEVEL = "-O";
				VALIDATE_PRODUCT = YES;
			};
			name = Release;
		};
		278513CC281FC557004924D0 /* Debug */ = {
			isa = XCBuildConfiguration;
			buildSettings = {
				ASSETCATALOG_COMPILER_APPICON_NAME = AppIcon;
				ASSETCATALOG_COMPILER_GLOBAL_ACCENT_COLOR_NAME = AccentColor;
				CODE_SIGN_STYLE = Automatic;
				CURRENT_PROJECT_VERSION = 1;
				GENERATE_INFOPLIST_FILE = YES;
				INFOPLIST_FILE = Alias/Info.plist;
				INFOPLIST_KEY_UIApplicationSupportsIndirectInputEvents = YES;
				INFOPLIST_KEY_UILaunchStoryboardName = LaunchScreen;
				INFOPLIST_KEY_UIMainStoryboardFile = Main;
				INFOPLIST_KEY_UISupportedInterfaceOrientations = UIInterfaceOrientationPortrait;
				INFOPLIST_KEY_UISupportedInterfaceOrientations_iPad = "UIInterfaceOrientationPortrait UIInterfaceOrientationPortraitUpsideDown UIInterfaceOrientationLandscapeLeft UIInterfaceOrientationLandscapeRight";
				INFOPLIST_KEY_UISupportedInterfaceOrientations_iPhone = "UIInterfaceOrientationPortrait UIInterfaceOrientationLandscapeLeft UIInterfaceOrientationLandscapeRight";
				LD_RUNPATH_SEARCH_PATHS = (
					"$(inherited)",
					"@executable_path/Frameworks",
				);
				MARKETING_VERSION = 1.0;
				PRODUCT_BUNDLE_IDENTIFIER = com.vaginmaxim.Alias;
				PRODUCT_NAME = "$(TARGET_NAME)";
				SWIFT_EMIT_LOC_STRINGS = YES;
				SWIFT_VERSION = 5.0;
				TARGETED_DEVICE_FAMILY = 1;
			};
			name = Debug;
		};
		278513CD281FC557004924D0 /* Release */ = {
			isa = XCBuildConfiguration;
			buildSettings = {
				ASSETCATALOG_COMPILER_APPICON_NAME = AppIcon;
				ASSETCATALOG_COMPILER_GLOBAL_ACCENT_COLOR_NAME = AccentColor;
				CODE_SIGN_STYLE = Automatic;
				CURRENT_PROJECT_VERSION = 1;
				GENERATE_INFOPLIST_FILE = YES;
				INFOPLIST_FILE = Alias/Info.plist;
				INFOPLIST_KEY_UIApplicationSupportsIndirectInputEvents = YES;
				INFOPLIST_KEY_UILaunchStoryboardName = LaunchScreen;
				INFOPLIST_KEY_UIMainStoryboardFile = Main;
				INFOPLIST_KEY_UISupportedInterfaceOrientations = UIInterfaceOrientationPortrait;
				INFOPLIST_KEY_UISupportedInterfaceOrientations_iPad = "UIInterfaceOrientationPortrait UIInterfaceOrientationPortraitUpsideDown UIInterfaceOrientationLandscapeLeft UIInterfaceOrientationLandscapeRight";
				INFOPLIST_KEY_UISupportedInterfaceOrientations_iPhone = "UIInterfaceOrientationPortrait UIInterfaceOrientationLandscapeLeft UIInterfaceOrientationLandscapeRight";
				LD_RUNPATH_SEARCH_PATHS = (
					"$(inherited)",
					"@executable_path/Frameworks",
				);
				MARKETING_VERSION = 1.0;
				PRODUCT_BUNDLE_IDENTIFIER = com.vaginmaxim.Alias;
				PRODUCT_NAME = "$(TARGET_NAME)";
				SWIFT_EMIT_LOC_STRINGS = YES;
				SWIFT_VERSION = 5.0;
				TARGETED_DEVICE_FAMILY = 1;
			};
			name = Release;
		};
/* End XCBuildConfiguration section */

/* Begin XCConfigurationList section */
		278513B2281FC555004924D0 /* Build configuration list for PBXProject "Alias" */ = {
			isa = XCConfigurationList;
			buildConfigurations = (
				278513C9281FC557004924D0 /* Debug */,
				278513CA281FC557004924D0 /* Release */,
			);
			defaultConfigurationIsVisible = 0;
			defaultConfigurationName = Release;
		};
		278513CB281FC557004924D0 /* Build configuration list for PBXNativeTarget "Alias" */ = {
			isa = XCConfigurationList;
			buildConfigurations = (
				278513CC281FC557004924D0 /* Debug */,
				278513CD281FC557004924D0 /* Release */,
			);
			defaultConfigurationIsVisible = 0;
			defaultConfigurationName = Release;
		};
/* End XCConfigurationList section */
	};
	rootObject = 278513AF281FC555004924D0 /* Project object */;
}
